
Microsoft Visual Studio Solution File, Format Version 11.00
# Visual Studio 2010
Project("{2150E333-8FDC-42A3-9474-1A3956D46DE8}") = "Chapter 18网络通信", "Chapter 18网络通信", "{C68DD593-7F80-419F-A6D4-59AEB72C447A}"
EndProject
Project("{8BC9CEB8-8B4A-11D0-8D11-00A0C91BC942}") = "myHTTP", "myHTTP\myHTTP.vcxproj", "{5C74BEBF-48A4-43F9-B826-764555620260}"
EndProject
Project("{8BC9CEB8-8B4A-11D0-8D11-00A0C91BC942}") = "网卡信息", "网卡信息\网卡信息.vcxproj", "{836BDE67-5AEA-4136-AA97-CE44AC549F4C}"
EndProject
Project("{8BC9CEB8-8B4A-11D0-8D11-00A0C91BC942}") = "myFTP", "myFTP\myFTP.vcxproj", "{4A795058-20CF-410C-AD80-F4399BA9F020}"
EndProject
Project("{8BC9CEB8-8B4A-11D0-8D11-00A0C91BC942}") = "MyFTP_18_4", "MyFTP_book\MyFTP_book.vcxproj", "{2EDB8732-BA32-47FF-88E1-F0693A222BC6}"
EndProject
Project("{8BC9CEB8-8B4A-11D0-8D11-00A0C91BC942}") = "18-3myIP", "18-3获取网络接口信息\18-3获取网络接口信息.vcxproj", "{DFD48525-DDE2-44D3-816E-EBFD451CC9BF}"
EndProject
Project("{8BC9CEB8-8B4A-11D0-8D11-00A0C91BC942}") = "udpSender", "18-6udpSender\18-6udpSender.vcxproj", "{51202466-E775-4D42-A97F-7B525B69AF40}"
EndProject
Project("{8BC9CEB8-8B4A-11D0-8D11-00A0C91BC942}") = "udpReceiver", "udpReceiver\udpReceiver.vcxproj", "{E0F066F5-F5A9-40B4-9A08-4F1544E9F54D}"
EndProject
Project("{8BC9CEB8-8B4A-11D0-8D11-00A0C91BC942}") = "Communicate", "Communicate\Communicate.vcxproj", "{D6339442-9B95-4D86-9251-8E2746E744E2}"
EndProject
Project("{8BC9CEB8-8B4A-11D0-8D11-00A0C91BC942}") = "Communication", "Communication\Communication.vcxproj", "{7ED8973D-1153-4EE2-A411-CCC52446F57F}"
EndProject
Global
	GlobalSection(SolutionConfigurationPlatforms) = preSolution
		Debug|Win32 = Debug|Win32
		Debug|x64 = Debug|x64
		Release|Win32 = Release|Win32
		Release|x64 = Release|x64
	EndGlobalSection
	GlobalSection(ProjectConfigurationPlatforms) = postSolution
		{5C74BEBF-48A4-43F9-B826-764555620260}.Debug|Win32.ActiveCfg = Debug|Win32
		{5C74BEBF-48A4-43F9-B826-764555620260}.Debug|Win32.Build.0 = Debug|Win32
		{5C74BEBF-48A4-43F9-B826-764555620260}.Debug|x64.ActiveCfg = Debug|x64
		{5C74BEBF-48A4-43F9-B826-764555620260}.Debug|x64.Build.0 = Debug|x64
		{5C74BEBF-48A4-43F9-B826-764555620260}.Release|Win32.ActiveCfg = Release|Win32
		{5C74BEBF-48A4-43F9-B826-764555620260}.Release|Win32.Build.0 = Release|Win32
		{5C74BEBF-48A4-43F9-B826-764555620260}.Release|x64.ActiveCfg = Release|x64
		{5C74BEBF-48A4-43F9-B826-764555620260}.Release|x64.Build.0 = Release|x64
		{836BDE67-5AEA-4136-AA97-CE44AC549F4C}.Debug|Win32.ActiveCfg = Debug|Win32
		{836BDE67-5AEA-4136-AA97-CE44AC549F4C}.Debug|Win32.Build.0 = Debug|Win32
		{836BDE67-5AEA-4136-AA97-CE44AC549F4C}.Debug|x64.ActiveCfg = Debug|x64
		{836BDE67-5AEA-4136-AA97-CE44AC549F4C}.Debug|x64.Build.0 = Debug|x64
		{836BDE67-5AEA-4136-AA97-CE44AC549F4C}.Release|Win32.ActiveCfg = Release|Win32
		{836BDE67-5AEA-4136-AA97-CE44AC549F4C}.Release|Win32.Build.0 = Release|Win32
		{836BDE67-5AEA-4136-AA97-CE44AC549F4C}.Release|x64.ActiveCfg = Release|x64
		{836BDE67-5AEA-4136-AA97-CE44AC549F4C}.Release|x64.Build.0 = Release|x64
		{4A795058-20CF-410C-AD80-F4399BA9F020}.Debug|Win32.ActiveCfg = Debug|Win32
		{4A795058-20CF-410C-AD80-F4399BA9F020}.Debug|Win32.Build.0 = Debug|Win32
		{4A795058-20CF-410C-AD80-F4399BA9F020}.Debug|x64.ActiveCfg = Debug|x64
		{4A795058-20CF-410C-AD80-F4399BA9F020}.Debug|x64.Build.0 = Debug|x64
		{4A795058-20CF-410C-AD80-F4399BA9F020}.Release|Win32.ActiveCfg = Release|Win32
		{4A795058-20CF-410C-AD80-F4399BA9F020}.Release|Win32.Build.0 = Release|Win32
		{4A795058-20CF-410C-AD80-F4399BA9F020}.Release|x64.ActiveCfg = Release|x64
		{4A795058-20CF-410C-AD80-F4399BA9F020}.Release|x64.Build.0 = Release|x64
		{2EDB8732-BA32-47FF-88E1-F0693A222BC6}.Debug|Win32.ActiveCfg = Debug|Win32
		{2EDB8732-BA32-47FF-88E1-F0693A222BC6}.Debug|Win32.Build.0 = Debug|Win32
		{2EDB8732-BA32-47FF-88E1-F0693A222BC6}.Debug|x64.ActiveCfg = Debug|x64
		{2EDB8732-BA32-47FF-88E1-F0693A222BC6}.Debug|x64.Build.0 = Debug|x64
		{2EDB8732-BA32-47FF-88E1-F0693A222BC6}.Release|Win32.ActiveCfg = Release|Win32
		{2EDB8732-BA32-47FF-88E1-F0693A222BC6}.Release|Win32.Build.0 = Release|Win32
		{2EDB8732-BA32-47FF-88E1-F0693A222BC6}.Release|x64.ActiveCfg = Release|x64
		{2EDB8732-BA32-47FF-88E1-F0693A222BC6}.Release|x64.Build.0 = Release|x64
		{DFD48525-DDE2-44D3-816E-EBFD451CC9BF}.Debug|Win32.ActiveCfg = Debug|Win32
		{DFD48525-DDE2-44D3-816E-EBFD451CC9BF}.Debug|Win32.Build.0 = Debug|Win32
		{DFD48525-DDE2-44D3-816E-EBFD451CC9BF}.Debug|x64.ActiveCfg = Debug|x64
		{DFD48525-DDE2-44D3-816E-EBFD451CC9BF}.Debug|x64.Build.0 = Debug|x64
		{DFD48525-DDE2-44D3-816E-EBFD451CC9BF}.Release|Win32.ActiveCfg = Release|Win32
		{DFD48525-DDE2-44D3-816E-EBFD451CC9BF}.Release|Win32.Build.0 = Release|Win32
		{DFD48525-DDE2-44D3-816E-EBFD451CC9BF}.Release|x64.ActiveCfg = Release|x64
		{DFD48525-DDE2-44D3-816E-EBFD451CC9BF}.Release|x64.Build.0 = Release|x64
		{51202466-E775-4D42-A97F-7B525B69AF40}.Debug|Win32.ActiveCfg = Debug|Win32
		{51202466-E775-4D42-A97F-7B525B69AF40}.Debug|Win32.Build.0 = Debug|Win32
		{51202466-E775-4D42-A97F-7B525B69AF40}.Debug|x64.ActiveCfg = Debug|x64
		{51202466-E775-4D42-A97F-7B525B69AF40}.Debug|x64.Build.0 = Debug|x64
		{51202466-E775-4D42-A97F-7B525B69AF40}.Release|Win32.ActiveCfg = Release|Win32
		{51202466-E775-4D42-A97F-7B525B69AF40}.Release|Win32.Build.0 = Release|Win32
		{51202466-E775-4D42-A97F-7B525B69AF40}.Release|x64.ActiveCfg = Release|x64
		{51202466-E775-4D42-A97F-7B525B69AF40}.Release|x64.Build.0 = Release|x64
		{E0F066F5-F5A9-40B4-9A08-4F1544E9F54D}.Debug|Win32.ActiveCfg = Debug|Win32
		{E0F066F5-F5A9-40B4-9A08-4F1544E9F54D}.Debug|Win32.Build.0 = Debug|Win32
		{E0F066F5-F5A9-40B4-9A08-4F1544E9F54D}.Debug|x64.ActiveCfg = Debug|x64
		{E0F066F5-F5A9-40B4-9A08-4F1544E9F54D}.Debug|x64.Build.0 = Debug|x64
		{E0F066F5-F5A9-40B4-9A08-4F1544E9F54D}.Release|Win32.ActiveCfg = Release|Win32
		{E0F066F5-F5A9-40B4-9A08-4F1544E9F54D}.Release|Win32.Build.0 = Release|Win32
		{E0F066F5-F5A9-40B4-9A08-4F1544E9F54D}.Release|x64.ActiveCfg = Release|x64
		{E0F066F5-F5A9-40B4-9A08-4F1544E9F54D}.Release|x64.Build.0 = Release|x64
		{D6339442-9B95-4D86-9251-8E2746E744E2}.Debug|Win32.ActiveCfg = Debug|Win32
		{D6339442-9B95-4D86-9251-8E2746E744E2}.Debug|Win32.Build.0 = Debug|Win32
		{D6339442-9B95-4D86-9251-8E2746E744E2}.Debug|x64.ActiveCfg = Debug|x64
		{D6339442-9B95-4D86-9251-8E2746E744E2}.Debug|x64.Build.0 = Debug|x64
		{D6339442-9B95-4D86-9251-8E2746E744E2}.Release|Win32.ActiveCfg = Release|Win32
		{D6339442-9B95-4D86-9251-8E2746E744E2}.Release|Win32.Build.0 = Release|Win32
		{D6339442-9B95-4D86-9251-8E2746E744E2}.Release|x64.ActiveCfg = Release|x64
		{D6339442-9B95-4D86-9251-8E2746E744E2}.Release|x64.Build.0 = Release|x64
		{7ED8973D-1153-4EE2-A411-CCC52446F57F}.Debug|Win32.ActiveCfg = Debug|Win32
		{7ED8973D-1153-4EE2-A411-CCC52446F57F}.Debug|Win32.Build.0 = Debug|Win32
		{7ED8973D-1153-4EE2-A411-CCC52446F57F}.Debug|x64.ActiveCfg = Debug|x64
		{7ED8973D-1153-4EE2-A411-CCC52446F57F}.Debug|x64.Build.0 = Debug|x64
		{7ED8973D-1153-4EE2-A411-CCC52446F57F}.Release|Win32.ActiveCfg = Release|Win32
		{7ED8973D-1153-4EE2-A411-CCC52446F57F}.Release|Win32.Build.0 = Release|Win32
		{7ED8973D-1153-4EE2-A411-CCC52446F57F}.Release|x64.ActiveCfg = Release|x64
		{7ED8973D-1153-4EE2-A411-CCC52446F57F}.Release|x64.Build.0 = Release|x64
	EndGlobalSection
	GlobalSection(SolutionProperties) = preSolution
		HideSolutionNode = FALSE
	EndGlobalSection
	GlobalSection(NestedProjects) = preSolution
		{5C74BEBF-48A4-43F9-B826-764555620260} = {C68DD593-7F80-419F-A6D4-59AEB72C447A}
		{4A795058-20CF-410C-AD80-F4399BA9F020} = {C68DD593-7F80-419F-A6D4-59AEB72C447A}
		{2EDB8732-BA32-47FF-88E1-F0693A222BC6} = {C68DD593-7F80-419F-A6D4-59AEB72C447A}
		{DFD48525-DDE2-44D3-816E-EBFD451CC9BF} = {C68DD593-7F80-419F-A6D4-59AEB72C447A}
		{51202466-E775-4D42-A97F-7B525B69AF40} = {C68DD593-7F80-419F-A6D4-59AEB72C447A}
		{E0F066F5-F5A9-40B4-9A08-4F1544E9F54D} = {C68DD593-7F80-419F-A6D4-59AEB72C447A}
		{D6339442-9B95-4D86-9251-8E2746E744E2} = {C68DD593-7F80-419F-A6D4-59AEB72C447A}
		{7ED8973D-1153-4EE2-A411-CCC52446F57F} = {C68DD593-7F80-419F-A6D4-59AEB72C447A}
	EndGlobalSection
	GlobalSection(ExtensibilityGlobals) = postSolution
		QtVersion = qt4.8.6
	EndGlobalSection
EndGlobal
